{
  "nodes": {
    "ghc-debug": {
      "flake": false,
      "locked": {
        "lastModified": 1755700118,
        "narHash": "sha256-5JIVZbahlpCi6eo11n+Dfy6VbM5K8MmxafCLS7APY6w=",
        "ref": "refs/heads/master",
        "rev": "1b0f36fab86e9baa9734c88dcc1dbe17d10d8c93",
        "revCount": 623,
        "type": "git",
        "url": "https://gitlab.haskell.org/ghc/ghc-debug"
      },
      "original": {
        "type": "git",
        "url": "https://gitlab.haskell.org/ghc/ghc-debug"
      }
    },
    "hix": {
      "inputs": {
        "nixpkgs": "nixpkgs"
      },
      "locked": {
        "lastModified": 1770311589,
        "narHash": "sha256-jjr5yaetafdTqI9hasq6AnCHFJQDJtLaf85Uuliuj/M=",
        "owner": "tek",
        "repo": "hix",
        "rev": "fca296b7ff656d248379ded889b75ea4cd8591e6",
        "type": "github"
      },
      "original": {
        "owner": "tek",
        "repo": "hix",
        "type": "github"
      }
    },
    "nixpkgs": {
      "locked": {
        "lastModified": 1739138025,
        "narHash": "sha256-M4ilIfGxzbBZuURokv24aqJTbdjPA9K+DtKUzrJaES4=",
        "owner": "nixos",
        "repo": "nixpkgs",
        "rev": "b2243f41e860ac85c0b446eadc6930359b294e79",
        "type": "github"
      },
      "original": {
        "owner": "nixos",
        "repo": "nixpkgs",
        "rev": "b2243f41e860ac85c0b446eadc6930359b294e79",
        "type": "github"
      }
    },
    "root": {
      "inputs": {
        "ghc-debug": "ghc-debug",
        "hix": "hix"
      }
    }
  },
  "root": "root",
  "version": 7
}
